
Microsoft Visual Studio Solution File, Format Version 12.00
# Visual Studio 15
VisualStudioVersion = 15.0.28307.168
MinimumVisualStudioVersion = 10.0.40219.1
Project("{9A19103F-16F7-4668-BE54-9A1E7A4F7556}") = "CoreBot", "CoreBot.csproj", "{0793F52D-82C5-4C6E-967B-606676CF8B17}"
EndProject
Global
	GlobalSection(SolutionConfigurationPlatforms) = preSolution
		Debug|Any CPU = Debug|Any CPU
		Release|Any CPU = Release|Any CPU
	EndGlobalSection
	GlobalSection(ProjectConfigurationPlatforms) = postSolution
		{0793F52D-82C5-4C6E-967B-606676CF8B17}.Debug|Any CPU.ActiveCfg = Debug|Any CPU
		{0793F52D-82C5-4C6E-967B-606676CF8B17}.Debug|Any CPU.Build.0 = Debug|Any CPU
		{0793F52D-82C5-4C6E-967B-606676CF8B17}.Release|Any CPU.ActiveCfg = Release|Any CPU
		{0793F52D-82C5-4C6E-967B-606676CF8B17}.Release|Any CPU.Build.0 = Release|Any CPU
	EndGlobalSection
	GlobalSection(SolutionProperties) = preSolution
		HideSolutionNode = FALSE
	EndGlobalSection
	GlobalSection(ExtensibilityGlobals) = postSolution
		SolutionGuid = {6048CA87-FB18-4F6E-BD46-2D59A57DD456}
	EndGlobalSection
EndGlobal
