
Microsoft Visual Studio Solution File, Format Version 11.00
# Visual Studio 2010
Project("{FAE04EC0-301F-11D3-BF4B-00C04F79EFBC}") = "Service Extension", "Service Extension.csproj", "{6B498A14-F54E-4E96-87B3-5D44822E898D}"
EndProject
Global
	GlobalSection(SolutionConfigurationPlatforms) = preSolution
		Debug|Any CPU = Debug|Any CPU
		Release|Any CPU = Release|Any CPU
	EndGlobalSection
	GlobalSection(ProjectConfigurationPlatforms) = postSolution
		{6B498A14-F54E-4E96-87B3-5D44822E898D}.Debug|Any CPU.ActiveCfg = Debug|Any CPU
		{6B498A14-F54E-4E96-87B3-5D44822E898D}.Debug|Any CPU.Build.0 = Debug|Any CPU
		{6B498A14-F54E-4E96-87B3-5D44822E898D}.Release|Any CPU.ActiveCfg = Release|Any CPU
		{6B498A14-F54E-4E96-87B3-5D44822E898D}.Release|Any CPU.Build.0 = Release|Any CPU
	EndGlobalSection
	GlobalSection(SolutionProperties) = preSolution
		HideSolutionNode = FALSE
	EndGlobalSection
EndGlobal
