
Microsoft Visual Studio Solution File, Format Version 12.00
# Visual Studio 15
VisualStudioVersion = 15.0.28307.1022
MinimumVisualStudioVersion = 10.0.40219.1
Project("{FAE04EC0-301F-11D3-BF4B-00C04F79EFBC}") = "ScheduleResource", "PowerApps-Sample4\ScheduleResource.csproj", "{8CFF8C20-96B6-4003-B5C8-8E4EE623C45E}"
EndProject
Global
	GlobalSection(SolutionConfigurationPlatforms) = preSolution
		Debug|Any CPU = Debug|Any CPU
		Release|Any CPU = Release|Any CPU
	EndGlobalSection
	GlobalSection(ProjectConfigurationPlatforms) = postSolution
		{8CFF8C20-96B6-4003-B5C8-8E4EE623C45E}.Debug|Any CPU.ActiveCfg = Debug|Any CPU
		{8CFF8C20-96B6-4003-B5C8-8E4EE623C45E}.Debug|Any CPU.Build.0 = Debug|Any CPU
		{8CFF8C20-96B6-4003-B5C8-8E4EE623C45E}.Release|Any CPU.ActiveCfg = Release|Any CPU
		{8CFF8C20-96B6-4003-B5C8-8E4EE623C45E}.Release|Any CPU.Build.0 = Release|Any CPU
	EndGlobalSection
	GlobalSection(SolutionProperties) = preSolution
		HideSolutionNode = FALSE
	EndGlobalSection
	GlobalSection(ExtensibilityGlobals) = postSolution
		SolutionGuid = {D9D12417-5AFB-477D-AD87-92B18A6B02CD}
	EndGlobalSection
EndGlobal
