
Microsoft Visual Studio Solution File, Format Version 12.00
# Visual Studio Version 16
VisualStudioVersion = 16.0.29509.3
MinimumVisualStudioVersion = 10.0.40219.1
Project("{FAE04EC0-301F-11D3-BF4B-00C04F79EFBC}") = "DistributeQuickCampaign", "DistributeQuickCampaign\DistributeQuickCampaign.csproj", "{114E60A9-8094-4B11-A553-0E96C733DC38}"
EndProject
Global
	GlobalSection(SolutionConfigurationPlatforms) = preSolution
		Debug|Any CPU = Debug|Any CPU
		Release|Any CPU = Release|Any CPU
	EndGlobalSection
	GlobalSection(ProjectConfigurationPlatforms) = postSolution
		{114E60A9-8094-4B11-A553-0E96C733DC38}.Debug|Any CPU.ActiveCfg = Debug|Any CPU
		{114E60A9-8094-4B11-A553-0E96C733DC38}.Debug|Any CPU.Build.0 = Debug|Any CPU
		{114E60A9-8094-4B11-A553-0E96C733DC38}.Release|Any CPU.ActiveCfg = Release|Any CPU
		{114E60A9-8094-4B11-A553-0E96C733DC38}.Release|Any CPU.Build.0 = Release|Any CPU
	EndGlobalSection
	GlobalSection(SolutionProperties) = preSolution
		HideSolutionNode = FALSE
	EndGlobalSection
	GlobalSection(ExtensibilityGlobals) = postSolution
		SolutionGuid = {7E9B5EB9-89ED-4841-B309-AFDAB7B46B5D}
	EndGlobalSection
EndGlobal
