
Microsoft Visual Studio Solution File, Format Version 12.00
# Visual Studio 15
VisualStudioVersion = 15.0.27004.2005
MinimumVisualStudioVersion = 10.0.40219.1
Project("{FAE04EC0-301F-11D3-BF4B-00C04F79EFBC}") = "CreateConnectionEarlyBound", "CreateConnectionEarlyBound\CreateConnectionEarlyBound.csproj", "{26A1DE5C-46A5-49ED-86CB-BFBA04CE9CB8}"
EndProject
Global
	GlobalSection(SolutionConfigurationPlatforms) = preSolution
		Debug|Any CPU = Debug|Any CPU
		Release|Any CPU = Release|Any CPU
	EndGlobalSection
	GlobalSection(ProjectConfigurationPlatforms) = postSolution
		{26A1DE5C-46A5-49ED-86CB-BFBA04CE9CB8}.Debug|Any CPU.ActiveCfg = Debug|Any CPU
		{26A1DE5C-46A5-49ED-86CB-BFBA04CE9CB8}.Debug|Any CPU.Build.0 = Debug|Any CPU
		{26A1DE5C-46A5-49ED-86CB-BFBA04CE9CB8}.Release|Any CPU.ActiveCfg = Release|Any CPU
		{26A1DE5C-46A5-49ED-86CB-BFBA04CE9CB8}.Release|Any CPU.Build.0 = Release|Any CPU
	EndGlobalSection
	GlobalSection(SolutionProperties) = preSolution
		HideSolutionNode = FALSE
	EndGlobalSection
	GlobalSection(ExtensibilityGlobals) = postSolution
		SolutionGuid = {D02D7DBE-3860-4863-86AE-D9F492A56A93}
	EndGlobalSection
EndGlobal
