
Microsoft Visual Studio Solution File, Format Version 12.00
# Visual Studio Version 16
VisualStudioVersion = 16.0.28729.10
MinimumVisualStudioVersion = 10.0.40219.1
Project("{2150E333-8FDC-42A3-9474-1A3956D46DE8}") = "Server", "Server", "{865490E1-56FB-4C49-94DD-2F9AC672A7D1}"
EndProject
Project("{2150E333-8FDC-42A3-9474-1A3956D46DE8}") = "Test", "Test", "{01E16FCE-26CF-48E2-87F1-3402A2F056C0}"
EndProject
Project("{2150E333-8FDC-42A3-9474-1A3956D46DE8}") = "Packages", "Packages", "{BF36E48B-F33D-4BAB-8B8B-641DE71822B2}"
EndProject
Project("{FAE04EC0-301F-11D3-BF4B-00C04F79EFBC}") = "Common", "Common\Common.csproj", "{1609DA28-3E03-4D48-BA4B-9550869F6276}"
EndProject
Project("{FAE04EC0-301F-11D3-BF4B-00C04F79EFBC}") = "Plugins", "Plugins\Plugins.csproj", "{86BDB44B-7FD5-4882-BB36-3D8AA5870C33}"
EndProject
Project("{FAE04EC0-301F-11D3-BF4B-00C04F79EFBC}") = "Xrm.UnitTests", "Xrm.UnitTests\Xrm.UnitTests.csproj", "{2EE89686-701C-4E11-A455-8D6CD22256B3}"
EndProject
Project("{FAE04EC0-301F-11D3-BF4B-00C04F79EFBC}") = "Xrm.IntegrationTests", "Xrm.IntegrationTests\Xrm.IntegrationTests.csproj", "{64192E87-5D05-4292-A485-587CFCFA7860}"
EndProject
Project("{FAE04EC0-301F-11D3-BF4B-00C04F79EFBC}") = "TestCommon", "TestCommon\TestCommon.csproj", "{3D043C43-31AD-40AE-9955-EADC768C78CE}"
EndProject
Project("{2150E333-8FDC-42A3-9474-1A3956D46DE8}") = "Client", "Client", "{026F9698-5647-40C8-B297-429DF606928A}"
EndProject
Project("{FAE04EC0-301F-11D3-BF4B-00C04F79EFBC}") = "boilerplatePDPackage", "PDPackage\boilerplatePDPackage.csproj", "{2138730C-724B-4A55-8D97-C63A3B48E37D}"
EndProject
Project("{FAE04EC0-301F-11D3-BF4B-00C04F79EFBC}") = "boilerplateWebResources", "Client\boilerplateWebResources.csproj", "{66C9D415-0635-4134-93CD-E667037F1C9E}"
EndProject
Global
	GlobalSection(SolutionConfigurationPlatforms) = preSolution
		Debug|AnyCPU = Debug|AnyCPU
		Debug|AnyCPU = Debug|AnyCPU
		Debug|x86 = Debug|x86
		Release|AnyCPU = Release|AnyCPU
		Release|AnyCPU = Release|AnyCPU
		Release|x86 = Release|x86
		retail|AnyCPU = retail|AnyCPU
		retail|AnyCPU = retail|AnyCPU
		retail|x86 = retail|x86
	EndGlobalSection
	GlobalSection(ProjectConfigurationPlatforms) = postSolution
		{F28D7FE0-1C3C-468B-B05C-7DA4DEC7B1B0}.Debug|AnyCPU.ActiveCfg = debug|Any CPU
		{F28D7FE0-1C3C-468B-B05C-7DA4DEC7B1B0}.Debug|AnyCPU.Build.0 = debug|Any CPU
		{F28D7FE0-1C3C-468B-B05C-7DA4DEC7B1B0}.Debug|AnyCPU.Deploy.0 = debug|Any CPU
		{F28D7FE0-1C3C-468B-B05C-7DA4DEC7B1B0}.Debug|AnyCPU.ActiveCfg = debug|Any CPU
		{F28D7FE0-1C3C-468B-B05C-7DA4DEC7B1B0}.Debug|AnyCPU.Build.0 = debug|Any CPU
		{F28D7FE0-1C3C-468B-B05C-7DA4DEC7B1B0}.Debug|AnyCPU.Deploy.0 = debug|Any CPU
		{F28D7FE0-1C3C-468B-B05C-7DA4DEC7B1B0}.Debug|x86.ActiveCfg = debug|Any CPU
		{F28D7FE0-1C3C-468B-B05C-7DA4DEC7B1B0}.Debug|x86.Build.0 = debug|Any CPU
		{F28D7FE0-1C3C-468B-B05C-7DA4DEC7B1B0}.Debug|x86.Deploy.0 = debug|Any CPU
		{F28D7FE0-1C3C-468B-B05C-7DA4DEC7B1B0}.Release|AnyCPU.ActiveCfg = release|Any CPU
		{F28D7FE0-1C3C-468B-B05C-7DA4DEC7B1B0}.Release|AnyCPU.Build.0 = release|Any CPU
		{F28D7FE0-1C3C-468B-B05C-7DA4DEC7B1B0}.Release|AnyCPU.Deploy.0 = release|Any CPU
		{F28D7FE0-1C3C-468B-B05C-7DA4DEC7B1B0}.Release|AnyCPU.ActiveCfg = release|Any CPU
		{F28D7FE0-1C3C-468B-B05C-7DA4DEC7B1B0}.Release|AnyCPU.Build.0 = release|Any CPU
		{F28D7FE0-1C3C-468B-B05C-7DA4DEC7B1B0}.Release|AnyCPU.Deploy.0 = release|Any CPU
		{F28D7FE0-1C3C-468B-B05C-7DA4DEC7B1B0}.Release|x86.ActiveCfg = release|Any CPU
		{F28D7FE0-1C3C-468B-B05C-7DA4DEC7B1B0}.Release|x86.Build.0 = release|Any CPU
		{F28D7FE0-1C3C-468B-B05C-7DA4DEC7B1B0}.Release|x86.Deploy.0 = release|Any CPU
		{F28D7FE0-1C3C-468B-B05C-7DA4DEC7B1B0}.retail|AnyCPU.ActiveCfg = retail|Any CPU
		{F28D7FE0-1C3C-468B-B05C-7DA4DEC7B1B0}.retail|AnyCPU.Build.0 = retail|Any CPU
		{F28D7FE0-1C3C-468B-B05C-7DA4DEC7B1B0}.retail|AnyCPU.Deploy.0 = retail|Any CPU
		{F28D7FE0-1C3C-468B-B05C-7DA4DEC7B1B0}.retail|AnyCPU.ActiveCfg = retail|Any CPU
		{F28D7FE0-1C3C-468B-B05C-7DA4DEC7B1B0}.retail|AnyCPU.Build.0 = retail|Any CPU
		{F28D7FE0-1C3C-468B-B05C-7DA4DEC7B1B0}.retail|AnyCPU.Deploy.0 = retail|Any CPU
		{F28D7FE0-1C3C-468B-B05C-7DA4DEC7B1B0}.retail|x86.ActiveCfg = retail|Any CPU
		{F28D7FE0-1C3C-468B-B05C-7DA4DEC7B1B0}.retail|x86.Build.0 = retail|Any CPU
		{F28D7FE0-1C3C-468B-B05C-7DA4DEC7B1B0}.retail|x86.Deploy.0 = retail|Any CPU
		{1609DA28-3E03-4D48-BA4B-9550869F6276}.Debug|AnyCPU.ActiveCfg = debug|AnyCPU
		{1609DA28-3E03-4D48-BA4B-9550869F6276}.Debug|AnyCPU.Build.0 = debug|AnyCPU
		{1609DA28-3E03-4D48-BA4B-9550869F6276}.Debug|AnyCPU.ActiveCfg = debug|Any CPU
		{1609DA28-3E03-4D48-BA4B-9550869F6276}.Debug|AnyCPU.Build.0 = debug|Any CPU
		{1609DA28-3E03-4D48-BA4B-9550869F6276}.Debug|x86.ActiveCfg = debug|Any CPU
		{1609DA28-3E03-4D48-BA4B-9550869F6276}.Debug|x86.Build.0 = debug|Any CPU
		{1609DA28-3E03-4D48-BA4B-9550869F6276}.Release|AnyCPU.ActiveCfg = release|AnyCPU
		{1609DA28-3E03-4D48-BA4B-9550869F6276}.Release|AnyCPU.Build.0 = release|AnyCPU
		{1609DA28-3E03-4D48-BA4B-9550869F6276}.Release|AnyCPU.ActiveCfg = release|Any CPU
		{1609DA28-3E03-4D48-BA4B-9550869F6276}.Release|AnyCPU.Build.0 = release|Any CPU
		{1609DA28-3E03-4D48-BA4B-9550869F6276}.Release|x86.ActiveCfg = release|Any CPU
		{1609DA28-3E03-4D48-BA4B-9550869F6276}.Release|x86.Build.0 = release|Any CPU
		{1609DA28-3E03-4D48-BA4B-9550869F6276}.retail|AnyCPU.ActiveCfg = retail|AnyCPU
		{1609DA28-3E03-4D48-BA4B-9550869F6276}.retail|AnyCPU.Build.0 = retail|AnyCPU
		{1609DA28-3E03-4D48-BA4B-9550869F6276}.retail|AnyCPU.ActiveCfg = retail|Any CPU
		{1609DA28-3E03-4D48-BA4B-9550869F6276}.retail|AnyCPU.Build.0 = retail|Any CPU
		{1609DA28-3E03-4D48-BA4B-9550869F6276}.retail|x86.ActiveCfg = retail|Any CPU
		{1609DA28-3E03-4D48-BA4B-9550869F6276}.retail|x86.Build.0 = retail|Any CPU
		{86BDB44B-7FD5-4882-BB36-3D8AA5870C33}.Debug|AnyCPU.ActiveCfg = debug|AnyCPU
		{86BDB44B-7FD5-4882-BB36-3D8AA5870C33}.Debug|AnyCPU.Build.0 = debug|AnyCPU
		{86BDB44B-7FD5-4882-BB36-3D8AA5870C33}.Debug|AnyCPU.ActiveCfg = debug|Any CPU
		{86BDB44B-7FD5-4882-BB36-3D8AA5870C33}.Debug|AnyCPU.Build.0 = debug|Any CPU
		{86BDB44B-7FD5-4882-BB36-3D8AA5870C33}.Debug|x86.ActiveCfg = debug|Any CPU
		{86BDB44B-7FD5-4882-BB36-3D8AA5870C33}.Debug|x86.Build.0 = debug|Any CPU
		{86BDB44B-7FD5-4882-BB36-3D8AA5870C33}.Release|AnyCPU.ActiveCfg = release|AnyCPU
		{86BDB44B-7FD5-4882-BB36-3D8AA5870C33}.Release|AnyCPU.Build.0 = release|AnyCPU
		{86BDB44B-7FD5-4882-BB36-3D8AA5870C33}.Release|AnyCPU.ActiveCfg = release|Any CPU
		{86BDB44B-7FD5-4882-BB36-3D8AA5870C33}.Release|AnyCPU.Build.0 = release|Any CPU
		{86BDB44B-7FD5-4882-BB36-3D8AA5870C33}.Release|x86.ActiveCfg = release|Any CPU
		{86BDB44B-7FD5-4882-BB36-3D8AA5870C33}.Release|x86.Build.0 = release|Any CPU
		{86BDB44B-7FD5-4882-BB36-3D8AA5870C33}.retail|AnyCPU.ActiveCfg = retail|AnyCPU
		{86BDB44B-7FD5-4882-BB36-3D8AA5870C33}.retail|AnyCPU.Build.0 = retail|AnyCPU
		{86BDB44B-7FD5-4882-BB36-3D8AA5870C33}.retail|AnyCPU.ActiveCfg = retail|Any CPU
		{86BDB44B-7FD5-4882-BB36-3D8AA5870C33}.retail|AnyCPU.Build.0 = retail|Any CPU
		{86BDB44B-7FD5-4882-BB36-3D8AA5870C33}.retail|x86.ActiveCfg = retail|Any CPU
		{86BDB44B-7FD5-4882-BB36-3D8AA5870C33}.retail|x86.Build.0 = retail|Any CPU
		{2EE89686-701C-4E11-A455-8D6CD22256B3}.Debug|AnyCPU.ActiveCfg = debug|AnyCPU
		{2EE89686-701C-4E11-A455-8D6CD22256B3}.Debug|AnyCPU.Build.0 = debug|AnyCPU
		{2EE89686-701C-4E11-A455-8D6CD22256B3}.Debug|AnyCPU.ActiveCfg = debug|Any CPU
		{2EE89686-701C-4E11-A455-8D6CD22256B3}.Debug|AnyCPU.Build.0 = debug|Any CPU
		{2EE89686-701C-4E11-A455-8D6CD22256B3}.Debug|x86.ActiveCfg = debug|Any CPU
		{2EE89686-701C-4E11-A455-8D6CD22256B3}.Debug|x86.Build.0 = debug|Any CPU
		{2EE89686-701C-4E11-A455-8D6CD22256B3}.Release|AnyCPU.ActiveCfg = release|AnyCPU
		{2EE89686-701C-4E11-A455-8D6CD22256B3}.Release|AnyCPU.Build.0 = release|AnyCPU
		{2EE89686-701C-4E11-A455-8D6CD22256B3}.Release|AnyCPU.ActiveCfg = release|Any CPU
		{2EE89686-701C-4E11-A455-8D6CD22256B3}.Release|AnyCPU.Build.0 = release|Any CPU
		{2EE89686-701C-4E11-A455-8D6CD22256B3}.Release|x86.ActiveCfg = release|Any CPU
		{2EE89686-701C-4E11-A455-8D6CD22256B3}.Release|x86.Build.0 = release|Any CPU
		{2EE89686-701C-4E11-A455-8D6CD22256B3}.retail|AnyCPU.ActiveCfg = retail|AnyCPU
		{2EE89686-701C-4E11-A455-8D6CD22256B3}.retail|AnyCPU.Build.0 = retail|AnyCPU
		{2EE89686-701C-4E11-A455-8D6CD22256B3}.retail|AnyCPU.ActiveCfg = retail|Any CPU
		{2EE89686-701C-4E11-A455-8D6CD22256B3}.retail|AnyCPU.Build.0 = retail|Any CPU
		{2EE89686-701C-4E11-A455-8D6CD22256B3}.retail|x86.ActiveCfg = retail|Any CPU
		{2EE89686-701C-4E11-A455-8D6CD22256B3}.retail|x86.Build.0 = retail|Any CPU
		{64192E87-5D05-4292-A485-587CFCFA7860}.Debug|AnyCPU.ActiveCfg = debug|AnyCPU
		{64192E87-5D05-4292-A485-587CFCFA7860}.Debug|AnyCPU.Build.0 = debug|AnyCPU
		{64192E87-5D05-4292-A485-587CFCFA7860}.Debug|AnyCPU.ActiveCfg = debug|Any CPU
		{64192E87-5D05-4292-A485-587CFCFA7860}.Debug|AnyCPU.Build.0 = debug|Any CPU
		{64192E87-5D05-4292-A485-587CFCFA7860}.Debug|x86.ActiveCfg = debug|Any CPU
		{64192E87-5D05-4292-A485-587CFCFA7860}.Debug|x86.Build.0 = debug|Any CPU
		{64192E87-5D05-4292-A485-587CFCFA7860}.Release|AnyCPU.ActiveCfg = release|AnyCPU
		{64192E87-5D05-4292-A485-587CFCFA7860}.Release|AnyCPU.Build.0 = release|AnyCPU
		{64192E87-5D05-4292-A485-587CFCFA7860}.Release|AnyCPU.ActiveCfg = release|Any CPU
		{64192E87-5D05-4292-A485-587CFCFA7860}.Release|AnyCPU.Build.0 = release|Any CPU
		{64192E87-5D05-4292-A485-587CFCFA7860}.Release|x86.ActiveCfg = release|Any CPU
		{64192E87-5D05-4292-A485-587CFCFA7860}.Release|x86.Build.0 = release|Any CPU
		{64192E87-5D05-4292-A485-587CFCFA7860}.retail|AnyCPU.ActiveCfg = retail|AnyCPU
		{64192E87-5D05-4292-A485-587CFCFA7860}.retail|AnyCPU.Build.0 = retail|AnyCPU
		{64192E87-5D05-4292-A485-587CFCFA7860}.retail|AnyCPU.ActiveCfg = retail|Any CPU
		{64192E87-5D05-4292-A485-587CFCFA7860}.retail|AnyCPU.Build.0 = retail|Any CPU
		{64192E87-5D05-4292-A485-587CFCFA7860}.retail|x86.ActiveCfg = retail|Any CPU
		{64192E87-5D05-4292-A485-587CFCFA7860}.retail|x86.Build.0 = retail|Any CPU
		{3D043C43-31AD-40AE-9955-EADC768C78CE}.Debug|AnyCPU.ActiveCfg = debug|AnyCPU
		{3D043C43-31AD-40AE-9955-EADC768C78CE}.Debug|AnyCPU.Build.0 = debug|AnyCPU
		{3D043C43-31AD-40AE-9955-EADC768C78CE}.Debug|AnyCPU.ActiveCfg = debug|Any CPU
		{3D043C43-31AD-40AE-9955-EADC768C78CE}.Debug|AnyCPU.Build.0 = debug|Any CPU
		{3D043C43-31AD-40AE-9955-EADC768C78CE}.Debug|x86.ActiveCfg = debug|Any CPU
		{3D043C43-31AD-40AE-9955-EADC768C78CE}.Debug|x86.Build.0 = debug|Any CPU
		{3D043C43-31AD-40AE-9955-EADC768C78CE}.Release|AnyCPU.ActiveCfg = release|AnyCPU
		{3D043C43-31AD-40AE-9955-EADC768C78CE}.Release|AnyCPU.Build.0 = release|AnyCPU
		{3D043C43-31AD-40AE-9955-EADC768C78CE}.Release|AnyCPU.ActiveCfg = release|Any CPU
		{3D043C43-31AD-40AE-9955-EADC768C78CE}.Release|AnyCPU.Build.0 = release|Any CPU
		{3D043C43-31AD-40AE-9955-EADC768C78CE}.Release|x86.ActiveCfg = release|Any CPU
		{3D043C43-31AD-40AE-9955-EADC768C78CE}.Release|x86.Build.0 = release|Any CPU
		{3D043C43-31AD-40AE-9955-EADC768C78CE}.retail|AnyCPU.ActiveCfg = retail|AnyCPU
		{3D043C43-31AD-40AE-9955-EADC768C78CE}.retail|AnyCPU.Build.0 = retail|AnyCPU
		{3D043C43-31AD-40AE-9955-EADC768C78CE}.retail|AnyCPU.ActiveCfg = retail|Any CPU
		{3D043C43-31AD-40AE-9955-EADC768C78CE}.retail|AnyCPU.Build.0 = retail|Any CPU
		{3D043C43-31AD-40AE-9955-EADC768C78CE}.retail|x86.ActiveCfg = retail|Any CPU
		{3D043C43-31AD-40AE-9955-EADC768C78CE}.retail|x86.Build.0 = retail|Any CPU
		{2138730C-724B-4A55-8D97-C63A3B48E37D}.Debug|AnyCPU.ActiveCfg = debug|AnyCPU
		{2138730C-724B-4A55-8D97-C63A3B48E37D}.Debug|AnyCPU.Build.0 = debug|AnyCPU
		{2138730C-724B-4A55-8D97-C63A3B48E37D}.Debug|AnyCPU.ActiveCfg = debug|Any CPU
		{2138730C-724B-4A55-8D97-C63A3B48E37D}.Debug|AnyCPU.Build.0 = debug|Any CPU
		{2138730C-724B-4A55-8D97-C63A3B48E37D}.Debug|x86.ActiveCfg = debug|Any CPU
		{2138730C-724B-4A55-8D97-C63A3B48E37D}.Debug|x86.Build.0 = debug|Any CPU
		{2138730C-724B-4A55-8D97-C63A3B48E37D}.Release|AnyCPU.ActiveCfg = release|AnyCPU
		{2138730C-724B-4A55-8D97-C63A3B48E37D}.Release|AnyCPU.Build.0 = release|AnyCPU
		{2138730C-724B-4A55-8D97-C63A3B48E37D}.Release|AnyCPU.ActiveCfg = release|Any CPU
		{2138730C-724B-4A55-8D97-C63A3B48E37D}.Release|AnyCPU.Build.0 = release|Any CPU
		{2138730C-724B-4A55-8D97-C63A3B48E37D}.Release|x86.ActiveCfg = release|Any CPU
		{2138730C-724B-4A55-8D97-C63A3B48E37D}.Release|x86.Build.0 = release|Any CPU
		{2138730C-724B-4A55-8D97-C63A3B48E37D}.retail|AnyCPU.ActiveCfg = retail|AnyCPU
		{2138730C-724B-4A55-8D97-C63A3B48E37D}.retail|AnyCPU.Build.0 = retail|AnyCPU
		{2138730C-724B-4A55-8D97-C63A3B48E37D}.retail|AnyCPU.ActiveCfg = retail|Any CPU
		{2138730C-724B-4A55-8D97-C63A3B48E37D}.retail|AnyCPU.Build.0 = retail|Any CPU
		{2138730C-724B-4A55-8D97-C63A3B48E37D}.retail|x86.ActiveCfg = retail|Any CPU
		{2138730C-724B-4A55-8D97-C63A3B48E37D}.retail|x86.Build.0 = retail|Any CPU
		{66C9D415-0635-4134-93CD-E667037F1C9E}.Debug|amd64.ActiveCfg = debug|amd64
		{66C9D415-0635-4134-93CD-E667037F1C9E}.Debug|amd64.Build.0 = debug|amd64
		{66C9D415-0635-4134-93CD-E667037F1C9E}.Debug|AnyCPU.ActiveCfg = debug|Any CPU
		{66C9D415-0635-4134-93CD-E667037F1C9E}.Debug|AnyCPU.Build.0 = debug|Any CPU
		{66C9D415-0635-4134-93CD-E667037F1C9E}.Debug|x86.ActiveCfg = debug|Any CPU
		{66C9D415-0635-4134-93CD-E667037F1C9E}.Debug|x86.Build.0 = debug|Any CPU
		{66C9D415-0635-4134-93CD-E667037F1C9E}.Release|amd64.ActiveCfg = release|amd64
		{66C9D415-0635-4134-93CD-E667037F1C9E}.Release|amd64.Build.0 = release|amd64
		{66C9D415-0635-4134-93CD-E667037F1C9E}.Release|AnyCPU.ActiveCfg = release|Any CPU
		{66C9D415-0635-4134-93CD-E667037F1C9E}.Release|AnyCPU.Build.0 = release|Any CPU
		{66C9D415-0635-4134-93CD-E667037F1C9E}.Release|x86.ActiveCfg = release|Any CPU
		{66C9D415-0635-4134-93CD-E667037F1C9E}.Release|x86.Build.0 = release|Any CPU
		{66C9D415-0635-4134-93CD-E667037F1C9E}.retail|amd64.ActiveCfg = retail|amd64
		{66C9D415-0635-4134-93CD-E667037F1C9E}.retail|amd64.Build.0 = retail|amd64
		{66C9D415-0635-4134-93CD-E667037F1C9E}.retail|AnyCPU.ActiveCfg = retail|Any CPU
		{66C9D415-0635-4134-93CD-E667037F1C9E}.retail|AnyCPU.Build.0 = retail|Any CPU
		{66C9D415-0635-4134-93CD-E667037F1C9E}.retail|x86.ActiveCfg = retail|Any CPU
		{66C9D415-0635-4134-93CD-E667037F1C9E}.retail|x86.Build.0 = retail|Any CPU
	EndGlobalSection
	GlobalSection(SolutionProperties) = preSolution
		HideSolutionNode = FALSE
	EndGlobalSection
	GlobalSection(NestedProjects) = preSolution
		{F28D7FE0-1C3C-468B-B05C-7DA4DEC7B1B0} = {BF36E48B-F33D-4BAB-8B8B-641DE71822B2}
		{1609DA28-3E03-4D48-BA4B-9550869F6276} = {865490E1-56FB-4C49-94DD-2F9AC672A7D1}
		{86BDB44B-7FD5-4882-BB36-3D8AA5870C33} = {865490E1-56FB-4C49-94DD-2F9AC672A7D1}
		{2EE89686-701C-4E11-A455-8D6CD22256B3} = {01E16FCE-26CF-48E2-87F1-3402A2F056C0}
		{64192E87-5D05-4292-A485-587CFCFA7860} = {01E16FCE-26CF-48E2-87F1-3402A2F056C0}
		{3D043C43-31AD-40AE-9955-EADC768C78CE} = {01E16FCE-26CF-48E2-87F1-3402A2F056C0}
		{2138730C-724B-4A55-8D97-C63A3B48E37D} = {BF36E48B-F33D-4BAB-8B8B-641DE71822B2}
		{66C9D415-0635-4134-93CD-E667037F1C9E} = {026F9698-5647-40C8-B297-429DF606928A}
	EndGlobalSection
	GlobalSection(ExtensibilityGlobals) = postSolution
		SolutionGuid = {12BEDBFC-93BB-48CD-8034-76AF10759C37}
	EndGlobalSection
	GlobalSection(CRMSolutionProperties) = preSolution
		SolutionIsBoundToCRM = True
	EndGlobalSection
EndGlobal
