
Microsoft Visual Studio Solution File, Format Version 12.00
# Visual Studio Version 16
VisualStudioVersion = 16.0.29509.3
MinimumVisualStudioVersion = 10.0.40219.1
Project("{FAE04EC0-301F-11D3-BF4B-00C04F79EFBC}") = "DistributeCampaignActivitiesToLists", "DistributeCampaignActivitiesToLists\DistributeCampaignActivitiesToLists.csproj", "{1EFE4FA3-10ED-4E07-95EC-F017F7880278}"
EndProject
Global
	GlobalSection(SolutionConfigurationPlatforms) = preSolution
		Debug|Any CPU = Debug|Any CPU
		Release|Any CPU = Release|Any CPU
	EndGlobalSection
	GlobalSection(ProjectConfigurationPlatforms) = postSolution
		{1EFE4FA3-10ED-4E07-95EC-F017F7880278}.Debug|Any CPU.ActiveCfg = Debug|Any CPU
		{1EFE4FA3-10ED-4E07-95EC-F017F7880278}.Debug|Any CPU.Build.0 = Debug|Any CPU
		{1EFE4FA3-10ED-4E07-95EC-F017F7880278}.Release|Any CPU.ActiveCfg = Release|Any CPU
		{1EFE4FA3-10ED-4E07-95EC-F017F7880278}.Release|Any CPU.Build.0 = Release|Any CPU
	EndGlobalSection
	GlobalSection(SolutionProperties) = preSolution
		HideSolutionNode = FALSE
	EndGlobalSection
	GlobalSection(ExtensibilityGlobals) = postSolution
		SolutionGuid = {687CA1B3-ACFF-4D06-AB91-860C545C90B6}
	EndGlobalSection
EndGlobal
