
Microsoft Visual Studio Solution File, Format Version 12.00
# Visual Studio 2013
VisualStudioVersion = 12.0.21005.1
MinimumVisualStudioVersion = 10.0.40219.1
Project("{FAE04EC0-301F-11D3-BF4B-00C04F79EFBC}") = "Plug-Ins", "Plug-Ins.csproj", "{0968412F-BE6A-4731-932A-CFC429E93236}"
EndProject
Global
	GlobalSection(SolutionConfigurationPlatforms) = preSolution
		Debug|Any CPU = Debug|Any CPU
		Release|Any CPU = Release|Any CPU
	EndGlobalSection
	GlobalSection(ProjectConfigurationPlatforms) = postSolution
		{0968412F-BE6A-4731-932A-CFC429E93236}.Debug|Any CPU.ActiveCfg = Debug|Any CPU
		{0968412F-BE6A-4731-932A-CFC429E93236}.Debug|Any CPU.Build.0 = Debug|Any CPU
		{0968412F-BE6A-4731-932A-CFC429E93236}.Release|Any CPU.ActiveCfg = Release|Any CPU
		{0968412F-BE6A-4731-932A-CFC429E93236}.Release|Any CPU.Build.0 = Release|Any CPU
	EndGlobalSection
	GlobalSection(SolutionProperties) = preSolution
		HideSolutionNode = FALSE
	EndGlobalSection
EndGlobal
