
Microsoft Visual Studio Solution File, Format Version 12.00
# Visual Studio 15
VisualStudioVersion = 15.0.27004.2005
MinimumVisualStudioVersion = 10.0.40219.1
Project("{FAE04EC0-301F-11D3-BF4B-00C04F79EFBC}") = "CreateConnectionRoleEarlyBound", "CreateConnectionRoleEarlyBound\CreateConnectionRoleEarlyBound.csproj", "{90F6CFB8-1577-4715-8205-35DC6A510402}"
EndProject
Global
	GlobalSection(SolutionConfigurationPlatforms) = preSolution
		Debug|Any CPU = Debug|Any CPU
		Release|Any CPU = Release|Any CPU
	EndGlobalSection
	GlobalSection(ProjectConfigurationPlatforms) = postSolution
		{90F6CFB8-1577-4715-8205-35DC6A510402}.Debug|Any CPU.ActiveCfg = Debug|Any CPU
		{90F6CFB8-1577-4715-8205-35DC6A510402}.Debug|Any CPU.Build.0 = Debug|Any CPU
		{90F6CFB8-1577-4715-8205-35DC6A510402}.Release|Any CPU.ActiveCfg = Release|Any CPU
		{90F6CFB8-1577-4715-8205-35DC6A510402}.Release|Any CPU.Build.0 = Release|Any CPU
	EndGlobalSection
	GlobalSection(SolutionProperties) = preSolution
		HideSolutionNode = FALSE
	EndGlobalSection
	GlobalSection(ExtensibilityGlobals) = postSolution
		SolutionGuid = {5CCE6562-7B7A-49CA-8D9B-5E5BB6610672}
	EndGlobalSection
EndGlobal
