
Microsoft Visual Studio Solution File, Format Version 12.00
# Visual Studio 15
VisualStudioVersion = 15.0.27004.2008
MinimumVisualStudioVersion = 10.0.40219.1
Project("{FAE04EC0-301F-11D3-BF4B-00C04F79EFBC}") = "CustomPlugin-FS-Geospatial", "CustomPlugin-FS-Geospatial.csproj", "{B72FB5A4-9E71-4BCF-A10B-9EEC0631F684}"
EndProject
Global
	GlobalSection(SolutionConfigurationPlatforms) = preSolution
		Debug|Any CPU = Debug|Any CPU
		Release|Any CPU = Release|Any CPU
	EndGlobalSection
	GlobalSection(ProjectConfigurationPlatforms) = postSolution
		{B72FB5A4-9E71-4BCF-A10B-9EEC0631F684}.Debug|Any CPU.ActiveCfg = Debug|Any CPU
		{B72FB5A4-9E71-4BCF-A10B-9EEC0631F684}.Debug|Any CPU.Build.0 = Debug|Any CPU
		{B72FB5A4-9E71-4BCF-A10B-9EEC0631F684}.Release|Any CPU.ActiveCfg = Release|Any CPU
		{B72FB5A4-9E71-4BCF-A10B-9EEC0631F684}.Release|Any CPU.Build.0 = Release|Any CPU
	EndGlobalSection
	GlobalSection(SolutionProperties) = preSolution
		HideSolutionNode = FALSE
	EndGlobalSection
	GlobalSection(ExtensibilityGlobals) = postSolution
		SolutionGuid = {2DF31767-596A-42F1-BD70-4F0B3C5231C7}
	EndGlobalSection
EndGlobal
