
Microsoft Visual Studio Solution File, Format Version 12.00
# Visual Studio 15
VisualStudioVersion = 15.0.27004.2005
MinimumVisualStudioVersion = 10.0.40219.1
Project("{FAE04EC0-301F-11D3-BF4B-00C04F79EFBC}") = "RollupGoalDataFiscalPeriod", "RollupGoalDataFiscalPeriod\RollupGoalDataFiscalPeriod.csproj", "{340A8024-6B35-43CE-8862-AD046D5A6A9E}"
EndProject
Global
	GlobalSection(SolutionConfigurationPlatforms) = preSolution
		Debug|Any CPU = Debug|Any CPU
		Release|Any CPU = Release|Any CPU
	EndGlobalSection
	GlobalSection(ProjectConfigurationPlatforms) = postSolution
		{340A8024-6B35-43CE-8862-AD046D5A6A9E}.Debug|Any CPU.ActiveCfg = Debug|Any CPU
		{340A8024-6B35-43CE-8862-AD046D5A6A9E}.Debug|Any CPU.Build.0 = Debug|Any CPU
		{340A8024-6B35-43CE-8862-AD046D5A6A9E}.Release|Any CPU.ActiveCfg = Release|Any CPU
		{340A8024-6B35-43CE-8862-AD046D5A6A9E}.Release|Any CPU.Build.0 = Release|Any CPU
	EndGlobalSection
	GlobalSection(SolutionProperties) = preSolution
		HideSolutionNode = FALSE
	EndGlobalSection
	GlobalSection(ExtensibilityGlobals) = postSolution
		SolutionGuid = {A72E3BA0-D3EF-4C59-BD60-690F1247CF1D}
	EndGlobalSection
EndGlobal
